{
  "name": "static",
  "lockfileVersion": 3,
  "requires": true,
  "packages": {
    "": {
      "dependencies": {
        "hslayers-cesium-app": "14.0.0-next.1",
        "hslayers-ng-app": "14.0.0-next.1"
      }
    },
    "node_modules/hslayers-cesium-app": {
      "version": "14.0.0-next.1",
      "resolved": "https://registry.npmjs.org/hslayers-cesium-app/-/hslayers-cesium-app-14.0.0-next.1.tgz",
      "integrity": "sha512-EhHh3cnPYzoXnjdpQ4vVGEg4E9Vv71mfgK8RLxWTH3beGspK017qf/BeTHoNDuEgGRzaMz692l9c220XwXgIyw=="
    },
    "node_modules/hslayers-ng-app": {
      "version": "14.0.0-next.1",
      "resolved": "https://registry.npmjs.org/hslayers-ng-app/-/hslayers-ng-app-14.0.0-next.1.tgz",
      "integrity": "sha512-aasCkJ/mAzfbTZx7Y9n5xqszwcFEaA7vKiwMxBaZPkyq6KQ2pYSA43kgK4vhSvFmo/YKtFu8GRvmMiVGyCbQVw=="
    }
  }
}
